
Microsoft Visual Studio Solution File, Format Version 12.00
# Visual Studio Version 16
VisualStudioVersion = 16.0.31129.286
MinimumVisualStudioVersion = 10.0.40219.1
Project("{2150E333-8FDC-42A3-9474-1A3956D46DE8}") = "Services", "Services", "{6D9D8A14-1544-47AE-8FE1-C6CABC1D06C6}"
EndProject
Project("{2150E333-8FDC-42A3-9474-1A3956D46DE8}") = "WebApps", "WebApps", "{2766DFC3-DB34-4F0C-943E-E83E8C019511}"
EndProject
Project("{2150E333-8FDC-42A3-9474-1A3956D46DE8}") = "Cadastros", "Cadastros", "{A7510FB1-023A-49DF-ABB7-7EE554DBCB3C}"
EndProject
Project("{2150E333-8FDC-42A3-9474-1A3956D46DE8}") = "Catalogo", "Catalogo", "{80CCC33A-5DB0-42AC-95A1-CA79E07D978D}"
EndProject
Project("{2150E333-8FDC-42A3-9474-1A3956D46DE8}") = "Core", "Core", "{DFFE7EC0-F1BE-4A57-BA1D-838B2A843B6E}"
EndProject
Project("{2150E333-8FDC-42A3-9474-1A3956D46DE8}") = "Fiscal", "Fiscal", "{094735A3-A557-46E1-9DA2-3BD3BFB10B8E}"
EndProject
Project("{2150E333-8FDC-42A3-9474-1A3956D46DE8}") = "Pagamentos", "Pagamentos", "{FEB7BAB8-8195-4192-A885-3DBB020DF238}"
EndProject
Project("{2150E333-8FDC-42A3-9474-1A3956D46DE8}") = "Vendas", "Vendas", "{BF51161D-EA8E-4B02-8B68-07F4B381EDCC}"
EndProject
Project("{9A19103F-16F7-4668-BE54-9A1E7A4F7556}") = "NerdStore.Catalogo.Domain", "src\NerdStore.Catalogo.Domain\NerdStore.Catalogo.Domain.csproj", "{6463F103-3F8B-4C53-86AC-A0BEB4572291}"
EndProject
Project("{9A19103F-16F7-4668-BE54-9A1E7A4F7556}") = "NerdStore.Core", "src\NerdStore.Core\NerdStore.Core.csproj", "{6B0BAF87-CC7B-4EFB-AA0E-72F640456CC1}"
EndProject
Project("{2150E333-8FDC-42A3-9474-1A3956D46DE8}") = "Tests", "Tests", "{B1E9D250-2E89-417C-868E-3B7EB3849753}"
EndProject
Project("{9A19103F-16F7-4668-BE54-9A1E7A4F7556}") = "NerdStore.Catalogo.Domain.Tests", "tests\NerdStore.Catalogo.Domain.Tests\NerdStore.Catalogo.Domain.Tests.csproj", "{13E7EAAA-854A-4C8C-A4E2-E7A865F2C3DC}"
EndProject
Project("{9A19103F-16F7-4668-BE54-9A1E7A4F7556}") = "NerdStore.Catalogo.Data", "src\NerdStore.Catalogo.Data\NerdStore.Catalogo.Data.csproj", "{A675A306-43F4-47B8-BDDD-5BBF3BD8D78C}"
EndProject
Project("{9A19103F-16F7-4668-BE54-9A1E7A4F7556}") = "NerdStore.Catalogo.Application", "src\NerdStore.Catalogo.Application\NerdStore.Catalogo.Application.csproj", "{9E60A234-0944-4EC3-9CD7-58D12D526C8D}"
EndProject
Project("{9A19103F-16F7-4668-BE54-9A1E7A4F7556}") = "NerdStore.WebApp.API", "NerdStore.WebApp.API\NerdStore.WebApp.API.csproj", "{CF088DDA-AFC4-4F6D-B8F8-86107ECCBE3D}"
EndProject
Project("{9A19103F-16F7-4668-BE54-9A1E7A4F7556}") = "NerdStore.Vendas.Domain", "src\NerdStore.Vendas.Domain\NerdStore.Vendas.Domain.csproj", "{9E386B15-736E-40B2-B970-E9989DE29E28}"
EndProject
Project("{9A19103F-16F7-4668-BE54-9A1E7A4F7556}") = "NerdStore.Vendas.Application", "src\NerdStore.Vendas.Application\NerdStore.Vendas.Application.csproj", "{EB36738A-6CD4-4910-9FB6-02C9003F5375}"
EndProject
Project("{9A19103F-16F7-4668-BE54-9A1E7A4F7556}") = "NerdStore.Vendas.Data", "src\NerdStore.Vendas.Data\NerdStore.Vendas.Data.csproj", "{B03F1273-C465-4936-9708-A224F0D3D4EE}"
EndProject
Project("{9A19103F-16F7-4668-BE54-9A1E7A4F7556}") = "NerdStore.Pagamentos.Data", "src\NerdStore.Pagamentos.Data\NerdStore.Pagamentos.Data.csproj", "{7017F6EE-A912-4FAE-8C56-430C9D7A9273}"
EndProject
Project("{9A19103F-16F7-4668-BE54-9A1E7A4F7556}") = "NerdStore.Pagamentos.Business", "src\NerdStore.Pagamentos.Business\NerdStore.Pagamentos.Business.csproj", "{B05A48DA-DEFA-4214-B84C-C1F4B95FF7E0}"
EndProject
Project("{9A19103F-16F7-4668-BE54-9A1E7A4F7556}") = "NerdStore.Pagamentos.AntiCorruption", "src\NerdStore.Pagamentos.AntiCorruption\NerdStore.Pagamentos.AntiCorruption.csproj", "{0ED782F9-731C-413E-930F-7F9F63C3D21A}"
EndProject
Project("{2150E333-8FDC-42A3-9474-1A3956D46DE8}") = "BuildingBlocks", "BuildingBlocks", "{47121369-C149-47BC-8484-38DEE2380BB6}"
EndProject
Project("{FAE04EC0-301F-11D3-BF4B-00C04F79EFBC}") = "EventSourcing", "src\EventSourcing\EventSourcing.csproj", "{534EF488-4F85-497A-8B2A-47D0D4421507}"
EndProject
Global
	GlobalSection(SolutionConfigurationPlatforms) = preSolution
		Debug|Any CPU = Debug|Any CPU
		Release|Any CPU = Release|Any CPU
	EndGlobalSection
	GlobalSection(ProjectConfigurationPlatforms) = postSolution
		{6463F103-3F8B-4C53-86AC-A0BEB4572291}.Debug|Any CPU.ActiveCfg = Debug|Any CPU
		{6463F103-3F8B-4C53-86AC-A0BEB4572291}.Debug|Any CPU.Build.0 = Debug|Any CPU
		{6463F103-3F8B-4C53-86AC-A0BEB4572291}.Release|Any CPU.ActiveCfg = Release|Any CPU
		{6463F103-3F8B-4C53-86AC-A0BEB4572291}.Release|Any CPU.Build.0 = Release|Any CPU
		{6B0BAF87-CC7B-4EFB-AA0E-72F640456CC1}.Debug|Any CPU.ActiveCfg = Debug|Any CPU
		{6B0BAF87-CC7B-4EFB-AA0E-72F640456CC1}.Debug|Any CPU.Build.0 = Debug|Any CPU
		{6B0BAF87-CC7B-4EFB-AA0E-72F640456CC1}.Release|Any CPU.ActiveCfg = Release|Any CPU
		{6B0BAF87-CC7B-4EFB-AA0E-72F640456CC1}.Release|Any CPU.Build.0 = Release|Any CPU
		{13E7EAAA-854A-4C8C-A4E2-E7A865F2C3DC}.Debug|Any CPU.ActiveCfg = Debug|Any CPU
		{13E7EAAA-854A-4C8C-A4E2-E7A865F2C3DC}.Debug|Any CPU.Build.0 = Debug|Any CPU
		{13E7EAAA-854A-4C8C-A4E2-E7A865F2C3DC}.Release|Any CPU.ActiveCfg = Release|Any CPU
		{13E7EAAA-854A-4C8C-A4E2-E7A865F2C3DC}.Release|Any CPU.Build.0 = Release|Any CPU
		{A675A306-43F4-47B8-BDDD-5BBF3BD8D78C}.Debug|Any CPU.ActiveCfg = Debug|Any CPU
		{A675A306-43F4-47B8-BDDD-5BBF3BD8D78C}.Debug|Any CPU.Build.0 = Debug|Any CPU
		{A675A306-43F4-47B8-BDDD-5BBF3BD8D78C}.Release|Any CPU.ActiveCfg = Release|Any CPU
		{A675A306-43F4-47B8-BDDD-5BBF3BD8D78C}.Release|Any CPU.Build.0 = Release|Any CPU
		{9E60A234-0944-4EC3-9CD7-58D12D526C8D}.Debug|Any CPU.ActiveCfg = Debug|Any CPU
		{9E60A234-0944-4EC3-9CD7-58D12D526C8D}.Debug|Any CPU.Build.0 = Debug|Any CPU
		{9E60A234-0944-4EC3-9CD7-58D12D526C8D}.Release|Any CPU.ActiveCfg = Release|Any CPU
		{9E60A234-0944-4EC3-9CD7-58D12D526C8D}.Release|Any CPU.Build.0 = Release|Any CPU
		{CF088DDA-AFC4-4F6D-B8F8-86107ECCBE3D}.Debug|Any CPU.ActiveCfg = Debug|Any CPU
		{CF088DDA-AFC4-4F6D-B8F8-86107ECCBE3D}.Debug|Any CPU.Build.0 = Debug|Any CPU
		{CF088DDA-AFC4-4F6D-B8F8-86107ECCBE3D}.Release|Any CPU.ActiveCfg = Release|Any CPU
		{CF088DDA-AFC4-4F6D-B8F8-86107ECCBE3D}.Release|Any CPU.Build.0 = Release|Any CPU
		{9E386B15-736E-40B2-B970-E9989DE29E28}.Debug|Any CPU.ActiveCfg = Debug|Any CPU
		{9E386B15-736E-40B2-B970-E9989DE29E28}.Debug|Any CPU.Build.0 = Debug|Any CPU
		{9E386B15-736E-40B2-B970-E9989DE29E28}.Release|Any CPU.ActiveCfg = Release|Any CPU
		{9E386B15-736E-40B2-B970-E9989DE29E28}.Release|Any CPU.Build.0 = Release|Any CPU
		{EB36738A-6CD4-4910-9FB6-02C9003F5375}.Debug|Any CPU.ActiveCfg = Debug|Any CPU
		{EB36738A-6CD4-4910-9FB6-02C9003F5375}.Debug|Any CPU.Build.0 = Debug|Any CPU
		{EB36738A-6CD4-4910-9FB6-02C9003F5375}.Release|Any CPU.ActiveCfg = Release|Any CPU
		{EB36738A-6CD4-4910-9FB6-02C9003F5375}.Release|Any CPU.Build.0 = Release|Any CPU
		{B03F1273-C465-4936-9708-A224F0D3D4EE}.Debug|Any CPU.ActiveCfg = Debug|Any CPU
		{B03F1273-C465-4936-9708-A224F0D3D4EE}.Debug|Any CPU.Build.0 = Debug|Any CPU
		{B03F1273-C465-4936-9708-A224F0D3D4EE}.Release|Any CPU.ActiveCfg = Release|Any CPU
		{B03F1273-C465-4936-9708-A224F0D3D4EE}.Release|Any CPU.Build.0 = Release|Any CPU
		{7017F6EE-A912-4FAE-8C56-430C9D7A9273}.Debug|Any CPU.ActiveCfg = Debug|Any CPU
		{7017F6EE-A912-4FAE-8C56-430C9D7A9273}.Debug|Any CPU.Build.0 = Debug|Any CPU
		{7017F6EE-A912-4FAE-8C56-430C9D7A9273}.Release|Any CPU.ActiveCfg = Release|Any CPU
		{7017F6EE-A912-4FAE-8C56-430C9D7A9273}.Release|Any CPU.Build.0 = Release|Any CPU
		{B05A48DA-DEFA-4214-B84C-C1F4B95FF7E0}.Debug|Any CPU.ActiveCfg = Debug|Any CPU
		{B05A48DA-DEFA-4214-B84C-C1F4B95FF7E0}.Debug|Any CPU.Build.0 = Debug|Any CPU
		{B05A48DA-DEFA-4214-B84C-C1F4B95FF7E0}.Release|Any CPU.ActiveCfg = Release|Any CPU
		{B05A48DA-DEFA-4214-B84C-C1F4B95FF7E0}.Release|Any CPU.Build.0 = Release|Any CPU
		{0ED782F9-731C-413E-930F-7F9F63C3D21A}.Debug|Any CPU.ActiveCfg = Debug|Any CPU
		{0ED782F9-731C-413E-930F-7F9F63C3D21A}.Debug|Any CPU.Build.0 = Debug|Any CPU
		{0ED782F9-731C-413E-930F-7F9F63C3D21A}.Release|Any CPU.ActiveCfg = Release|Any CPU
		{0ED782F9-731C-413E-930F-7F9F63C3D21A}.Release|Any CPU.Build.0 = Release|Any CPU
		{534EF488-4F85-497A-8B2A-47D0D4421507}.Debug|Any CPU.ActiveCfg = Debug|Any CPU
		{534EF488-4F85-497A-8B2A-47D0D4421507}.Debug|Any CPU.Build.0 = Debug|Any CPU
		{534EF488-4F85-497A-8B2A-47D0D4421507}.Release|Any CPU.ActiveCfg = Release|Any CPU
		{534EF488-4F85-497A-8B2A-47D0D4421507}.Release|Any CPU.Build.0 = Release|Any CPU
	EndGlobalSection
	GlobalSection(SolutionProperties) = preSolution
		HideSolutionNode = FALSE
	EndGlobalSection
	GlobalSection(NestedProjects) = preSolution
		{A7510FB1-023A-49DF-ABB7-7EE554DBCB3C} = {6D9D8A14-1544-47AE-8FE1-C6CABC1D06C6}
		{80CCC33A-5DB0-42AC-95A1-CA79E07D978D} = {6D9D8A14-1544-47AE-8FE1-C6CABC1D06C6}
		{DFFE7EC0-F1BE-4A57-BA1D-838B2A843B6E} = {6D9D8A14-1544-47AE-8FE1-C6CABC1D06C6}
		{094735A3-A557-46E1-9DA2-3BD3BFB10B8E} = {6D9D8A14-1544-47AE-8FE1-C6CABC1D06C6}
		{FEB7BAB8-8195-4192-A885-3DBB020DF238} = {6D9D8A14-1544-47AE-8FE1-C6CABC1D06C6}
		{BF51161D-EA8E-4B02-8B68-07F4B381EDCC} = {6D9D8A14-1544-47AE-8FE1-C6CABC1D06C6}
		{6463F103-3F8B-4C53-86AC-A0BEB4572291} = {80CCC33A-5DB0-42AC-95A1-CA79E07D978D}
		{6B0BAF87-CC7B-4EFB-AA0E-72F640456CC1} = {DFFE7EC0-F1BE-4A57-BA1D-838B2A843B6E}
		{B1E9D250-2E89-417C-868E-3B7EB3849753} = {80CCC33A-5DB0-42AC-95A1-CA79E07D978D}
		{13E7EAAA-854A-4C8C-A4E2-E7A865F2C3DC} = {B1E9D250-2E89-417C-868E-3B7EB3849753}
		{A675A306-43F4-47B8-BDDD-5BBF3BD8D78C} = {80CCC33A-5DB0-42AC-95A1-CA79E07D978D}
		{9E60A234-0944-4EC3-9CD7-58D12D526C8D} = {80CCC33A-5DB0-42AC-95A1-CA79E07D978D}
		{CF088DDA-AFC4-4F6D-B8F8-86107ECCBE3D} = {2766DFC3-DB34-4F0C-943E-E83E8C019511}
		{9E386B15-736E-40B2-B970-E9989DE29E28} = {BF51161D-EA8E-4B02-8B68-07F4B381EDCC}
		{EB36738A-6CD4-4910-9FB6-02C9003F5375} = {BF51161D-EA8E-4B02-8B68-07F4B381EDCC}
		{B03F1273-C465-4936-9708-A224F0D3D4EE} = {BF51161D-EA8E-4B02-8B68-07F4B381EDCC}
		{7017F6EE-A912-4FAE-8C56-430C9D7A9273} = {FEB7BAB8-8195-4192-A885-3DBB020DF238}
		{B05A48DA-DEFA-4214-B84C-C1F4B95FF7E0} = {FEB7BAB8-8195-4192-A885-3DBB020DF238}
		{0ED782F9-731C-413E-930F-7F9F63C3D21A} = {FEB7BAB8-8195-4192-A885-3DBB020DF238}
		{534EF488-4F85-497A-8B2A-47D0D4421507} = {47121369-C149-47BC-8484-38DEE2380BB6}
	EndGlobalSection
	GlobalSection(ExtensibilityGlobals) = postSolution
		SolutionGuid = {F15EA175-0028-4872-A4F5-C67B1ED7A8BC}
	EndGlobalSection
EndGlobal
