
Microsoft Visual Studio Solution File, Format Version 12.00
# Visual Studio Version 16
VisualStudioVersion = 16.0.31129.286
MinimumVisualStudioVersion = 10.0.40219.1
Project("{2150E333-8FDC-42A3-9474-1A3956D46DE8}") = "Services", "Services", "{6D9D8A14-1544-47AE-8FE1-C6CABC1D06C6}"
EndProject
Project("{2150E333-8FDC-42A3-9474-1A3956D46DE8}") = "WebApps", "WebApps", "{2766DFC3-DB34-4F0C-943E-E83E8C019511}"
EndProject
Project("{2150E333-8FDC-42A3-9474-1A3956D46DE8}") = "Cadastros", "Cadastros", "{A7510FB1-023A-49DF-ABB7-7EE554DBCB3C}"
EndProject
Project("{2150E333-8FDC-42A3-9474-1A3956D46DE8}") = "Catalogo", "Catalogo", "{80CCC33A-5DB0-42AC-95A1-CA79E07D978D}"
EndProject
Project("{2150E333-8FDC-42A3-9474-1A3956D46DE8}") = "Core", "Core", "{DFFE7EC0-F1BE-4A57-BA1D-838B2A843B6E}"
EndProject
Project("{2150E333-8FDC-42A3-9474-1A3956D46DE8}") = "Fiscal", "Fiscal", "{094735A3-A557-46E1-9DA2-3BD3BFB10B8E}"
EndProject
Project("{2150E333-8FDC-42A3-9474-1A3956D46DE8}") = "Pagamentos", "Pagamentos", "{FEB7BAB8-8195-4192-A885-3DBB020DF238}"
EndProject
Project("{2150E333-8FDC-42A3-9474-1A3956D46DE8}") = "Vendas", "Vendas", "{BF51161D-EA8E-4B02-8B68-07F4B381EDCC}"
EndProject
Project("{9A19103F-16F7-4668-BE54-9A1E7A4F7556}") = "NerdStore.Catalogo.Domain", "src\NerdStore.Catalogo.Domain\NerdStore.Catalogo.Domain.csproj", "{6463F103-3F8B-4C53-86AC-A0BEB4572291}"
EndProject
Project("{9A19103F-16F7-4668-BE54-9A1E7A4F7556}") = "NerdStore.Core", "src\NerdStore.Core\NerdStore.Core.csproj", "{6B0BAF87-CC7B-4EFB-AA0E-72F640456CC1}"
EndProject
Project("{2150E333-8FDC-42A3-9474-1A3956D46DE8}") = "Tests", "Tests", "{B1E9D250-2E89-417C-868E-3B7EB3849753}"
EndProject
Project("{9A19103F-16F7-4668-BE54-9A1E7A4F7556}") = "NerdStore.Catalogo.Domain.Tests", "tests\NerdStore.Catalogo.Domain.Tests\NerdStore.Catalogo.Domain.Tests.csproj", "{13E7EAAA-854A-4C8C-A4E2-E7A865F2C3DC}"
EndProject
Project("{FAE04EC0-301F-11D3-BF4B-00C04F79EFBC}") = "NerdStore.Catalogo.Data", "NerdStore.Catalogo.Data\NerdStore.Catalogo.Data.csproj", "{A675A306-43F4-47B8-BDDD-5BBF3BD8D78C}"
EndProject
Global
	GlobalSection(SolutionConfigurationPlatforms) = preSolution
		Debug|Any CPU = Debug|Any CPU
		Release|Any CPU = Release|Any CPU
	EndGlobalSection
	GlobalSection(ProjectConfigurationPlatforms) = postSolution
		{6463F103-3F8B-4C53-86AC-A0BEB4572291}.Debug|Any CPU.ActiveCfg = Debug|Any CPU
		{6463F103-3F8B-4C53-86AC-A0BEB4572291}.Debug|Any CPU.Build.0 = Debug|Any CPU
		{6463F103-3F8B-4C53-86AC-A0BEB4572291}.Release|Any CPU.ActiveCfg = Release|Any CPU
		{6463F103-3F8B-4C53-86AC-A0BEB4572291}.Release|Any CPU.Build.0 = Release|Any CPU
		{6B0BAF87-CC7B-4EFB-AA0E-72F640456CC1}.Debug|Any CPU.ActiveCfg = Debug|Any CPU
		{6B0BAF87-CC7B-4EFB-AA0E-72F640456CC1}.Debug|Any CPU.Build.0 = Debug|Any CPU
		{6B0BAF87-CC7B-4EFB-AA0E-72F640456CC1}.Release|Any CPU.ActiveCfg = Release|Any CPU
		{6B0BAF87-CC7B-4EFB-AA0E-72F640456CC1}.Release|Any CPU.Build.0 = Release|Any CPU
		{13E7EAAA-854A-4C8C-A4E2-E7A865F2C3DC}.Debug|Any CPU.ActiveCfg = Debug|Any CPU
		{13E7EAAA-854A-4C8C-A4E2-E7A865F2C3DC}.Debug|Any CPU.Build.0 = Debug|Any CPU
		{13E7EAAA-854A-4C8C-A4E2-E7A865F2C3DC}.Release|Any CPU.ActiveCfg = Release|Any CPU
		{13E7EAAA-854A-4C8C-A4E2-E7A865F2C3DC}.Release|Any CPU.Build.0 = Release|Any CPU
		{A675A306-43F4-47B8-BDDD-5BBF3BD8D78C}.Debug|Any CPU.ActiveCfg = Debug|Any CPU
		{A675A306-43F4-47B8-BDDD-5BBF3BD8D78C}.Debug|Any CPU.Build.0 = Debug|Any CPU
		{A675A306-43F4-47B8-BDDD-5BBF3BD8D78C}.Release|Any CPU.ActiveCfg = Release|Any CPU
		{A675A306-43F4-47B8-BDDD-5BBF3BD8D78C}.Release|Any CPU.Build.0 = Release|Any CPU
	EndGlobalSection
	GlobalSection(SolutionProperties) = preSolution
		HideSolutionNode = FALSE
	EndGlobalSection
	GlobalSection(NestedProjects) = preSolution
		{A7510FB1-023A-49DF-ABB7-7EE554DBCB3C} = {6D9D8A14-1544-47AE-8FE1-C6CABC1D06C6}
		{80CCC33A-5DB0-42AC-95A1-CA79E07D978D} = {6D9D8A14-1544-47AE-8FE1-C6CABC1D06C6}
		{DFFE7EC0-F1BE-4A57-BA1D-838B2A843B6E} = {6D9D8A14-1544-47AE-8FE1-C6CABC1D06C6}
		{094735A3-A557-46E1-9DA2-3BD3BFB10B8E} = {6D9D8A14-1544-47AE-8FE1-C6CABC1D06C6}
		{FEB7BAB8-8195-4192-A885-3DBB020DF238} = {6D9D8A14-1544-47AE-8FE1-C6CABC1D06C6}
		{BF51161D-EA8E-4B02-8B68-07F4B381EDCC} = {6D9D8A14-1544-47AE-8FE1-C6CABC1D06C6}
		{6463F103-3F8B-4C53-86AC-A0BEB4572291} = {80CCC33A-5DB0-42AC-95A1-CA79E07D978D}
		{6B0BAF87-CC7B-4EFB-AA0E-72F640456CC1} = {DFFE7EC0-F1BE-4A57-BA1D-838B2A843B6E}
		{B1E9D250-2E89-417C-868E-3B7EB3849753} = {80CCC33A-5DB0-42AC-95A1-CA79E07D978D}
		{13E7EAAA-854A-4C8C-A4E2-E7A865F2C3DC} = {B1E9D250-2E89-417C-868E-3B7EB3849753}
		{A675A306-43F4-47B8-BDDD-5BBF3BD8D78C} = {80CCC33A-5DB0-42AC-95A1-CA79E07D978D}
	EndGlobalSection
	GlobalSection(ExtensibilityGlobals) = postSolution
		SolutionGuid = {F15EA175-0028-4872-A4F5-C67B1ED7A8BC}
	EndGlobalSection
EndGlobal
